// !$*UTF8*$!
{
	archiveVersion = 1;
	classes = {
	};
	objectVersion = 52;
	objects = {

/* Begin PBXBuildFile section */
		0481E65725B8649200C2DECD /* PhotoCollectionVC.swift in Sources */ = {isa = PBXBuildFile; fileRef = 0481E65625B8649200C2DECD /* PhotoCollectionVC.swift */; };
		0481E65A25B8652B00C2DECD /* PhotoCell.swift in Sources */ = {isa = PBXBuildFile; fileRef = 0481E65925B8652B00C2DECD /* PhotoCell.swift */; };
		0481E65D25B86B1F00C2DECD /* noImage.jpg in Resources */ = {isa = PBXBuildFile; fileRef = 0481E65C25B86B1F00C2DECD /* noImage.jpg */; };
		0481E66125B87DEC00C2DECD /* ColumnFlowLayout.swift in Sources */ = {isa = PBXBuildFile; fileRef = 0481E66025B87DEC00C2DECD /* ColumnFlowLayout.swift */; };
		04A1893725B74E4B0090D9F5 /* AppDelegate.swift in Sources */ = {isa = PBXBuildFile; fileRef = 04A1893625B74E4B0090D9F5 /* AppDelegate.swift */; };
		04A1893925B74E4B0090D9F5 /* SceneDelegate.swift in Sources */ = {isa = PBXBuildFile; fileRef = 04A1893825B74E4B0090D9F5 /* SceneDelegate.swift */; };
		04A1893E25B74E4B0090D9F5 /* Main.storyboard in Resources */ = {isa = PBXBuildFile; fileRef = 04A1893C25B74E4B0090D9F5 /* Main.storyboard */; };
		04A1894025B74E4F0090D9F5 /* Assets.xcassets in Resources */ = {isa = PBXBuildFile; fileRef = 04A1893F25B74E4F0090D9F5 /* Assets.xcassets */; };
		04A1894325B74E4F0090D9F5 /* LaunchScreen.storyboard in Resources */ = {isa = PBXBuildFile; fileRef = 04A1894125B74E4F0090D9F5 /* LaunchScreen.storyboard */; };
		04A1895425B7589C0090D9F5 /* FilmaManager.swift in Sources */ = {isa = PBXBuildFile; fileRef = 04A1895325B7589C0090D9F5 /* FilmaManager.swift */; };
		04A1895B25B75C990090D9F5 /* AlbumTableVC.swift in Sources */ = {isa = PBXBuildFile; fileRef = 04A1895A25B75C990090D9F5 /* AlbumTableVC.swift */; };
		04A1895F25B75F1E0090D9F5 /* Album.swift in Sources */ = {isa = PBXBuildFile; fileRef = 04A1895E25B75F1D0090D9F5 /* Album.swift */; };
		04A1896725B764400090D9F5 /* Alamofire in Frameworks */ = {isa = PBXBuildFile; productRef = 04A1896625B764400090D9F5 /* Alamofire */; };
		04A1896B25B767370090D9F5 /* SwiftyJSON in Frameworks */ = {isa = PBXBuildFile; productRef = 04A1896A25B767370090D9F5 /* SwiftyJSON */; };
		4B799E24D997748351092A2F /* Pods_Filma.framework in Frameworks */ = {isa = PBXBuildFile; fileRef = 5D8E58FCA5A7C0C177505FBD /* Pods_Filma.framework */; };
/* End PBXBuildFile section */

/* Begin PBXFileReference section */
		0481E65625B8649200C2DECD /* PhotoCollectionVC.swift */ = {isa = PBXFileReference; lastKnownFileType = sourcecode.swift; path = PhotoCollectionVC.swift; sourceTree = "<group>"; };
		0481E65925B8652B00C2DECD /* PhotoCell.swift */ = {isa = PBXFileReference; lastKnownFileType = sourcecode.swift; path = PhotoCell.swift; sourceTree = "<group>"; };
		0481E65C25B86B1F00C2DECD /* noImage.jpg */ = {isa = PBXFileReference; lastKnownFileType = image.jpeg; path = noImage.jpg; sourceTree = "<group>"; };
		0481E66025B87DEC00C2DECD /* ColumnFlowLayout.swift */ = {isa = PBXFileReference; fileEncoding = 4; lastKnownFileType = sourcecode.swift; path = ColumnFlowLayout.swift; sourceTree = "<group>"; };
		04A1893325B74E4B0090D9F5 /* Filma.app */ = {isa = PBXFileReference; explicitFileType = wrapper.application; includeInIndex = 0; path = Filma.app; sourceTree = BUILT_PRODUCTS_DIR; };
		04A1893625B74E4B0090D9F5 /* AppDelegate.swift */ = {isa = PBXFileReference; lastKnownFileType = sourcecode.swift; path = AppDelegate.swift; sourceTree = "<group>"; };
		04A1893825B74E4B0090D9F5 /* SceneDelegate.swift */ = {isa = PBXFileReference; lastKnownFileType = sourcecode.swift; path = SceneDelegate.swift; sourceTree = "<group>"; };
		04A1893D25B74E4B0090D9F5 /* Base */ = {isa = PBXFileReference; lastKnownFileType = file.storyboard; name = Base; path = Base.lproj/Main.storyboard; sourceTree = "<group>"; };
		04A1893F25B74E4F0090D9F5 /* Assets.xcassets */ = {isa = PBXFileReference; lastKnownFileType = folder.assetcatalog; path = Assets.xcassets; sourceTree = "<group>"; };
		04A1894225B74E4F0090D9F5 /* Base */ = {isa = PBXFileReference; lastKnownFileType = file.storyboard; name = Base; path = Base.lproj/LaunchScreen.storyboard; sourceTree = "<group>"; };
		04A1894425B74E4F0090D9F5 /* Info.plist */ = {isa = PBXFileReference; lastKnownFileType = text.plist.xml; path = Info.plist; sourceTree = "<group>"; };
		04A1895325B7589C0090D9F5 /* FilmaManager.swift */ = {isa = PBXFileReference; lastKnownFileType = sourcecode.swift; path = FilmaManager.swift; sourceTree = "<group>"; };
		04A1895A25B75C990090D9F5 /* AlbumTableVC.swift */ = {isa = PBXFileReference; lastKnownFileType = sourcecode.swift; path = AlbumTableVC.swift; sourceTree = "<group>"; };
		04A1895E25B75F1D0090D9F5 /* Album.swift */ = {isa = PBXFileReference; lastKnownFileType = sourcecode.swift; path = Album.swift; sourceTree = "<group>"; };
		5D8E58FCA5A7C0C177505FBD /* Pods_Filma.framework */ = {isa = PBXFileReference; explicitFileType = wrapper.framework; includeInIndex = 0; path = Pods_Filma.framework; sourceTree = BUILT_PRODUCTS_DIR; };
		85C32598C68E44D17945CFFA /* Pods-Filma.release.xcconfig */ = {isa = PBXFileReference; includeInIndex = 1; lastKnownFileType = text.xcconfig; name = "Pods-Filma.release.xcconfig"; path = "Target Support Files/Pods-Filma/Pods-Filma.release.xcconfig"; sourceTree = "<group>"; };
		9DF2002577BC4D771E67BC83 /* Pods-Filma.debug.xcconfig */ = {isa = PBXFileReference; includeInIndex = 1; lastKnownFileType = text.xcconfig; name = "Pods-Filma.debug.xcconfig"; path = "Target Support Files/Pods-Filma/Pods-Filma.debug.xcconfig"; sourceTree = "<group>"; };
/* End PBXFileReference section */

/* Begin PBXFrameworksBuildPhase section */
		04A1893025B74E4B0090D9F5 /* Frameworks */ = {
			isa = PBXFrameworksBuildPhase;
			buildActionMask = 2147483647;
			files = (
				04A1896B25B767370090D9F5 /* SwiftyJSON in Frameworks */,
				4B799E24D997748351092A2F /* Pods_Filma.framework in Frameworks */,
				04A1896725B764400090D9F5 /* Alamofire in Frameworks */,
			);
			runOnlyForDeploymentPostprocessing = 0;
		};
/* End PBXFrameworksBuildPhase section */

/* Begin PBXGroup section */
		04A1892A25B74E4B0090D9F5 = {
			isa = PBXGroup;
			children = (
				04A1893525B74E4B0090D9F5 /* Filma */,
				04A1893425B74E4B0090D9F5 /* Products */,
				EEB7D180A40496166D804D66 /* Pods */,
				FE599EBC21CA992C2F92FE5D /* Frameworks */,
			);
			sourceTree = "<group>";
		};
		04A1893425B74E4B0090D9F5 /* Products */ = {
			isa = PBXGroup;
			children = (
				04A1893325B74E4B0090D9F5 /* Filma.app */,
			);
			name = Products;
			sourceTree = "<group>";
		};
		04A1893525B74E4B0090D9F5 /* Filma */ = {
			isa = PBXGroup;
			children = (
				04A1894C25B757750090D9F5 /* Model */,
				04A1894D25B7577D0090D9F5 /* View */,
				04A1894E25B757820090D9F5 /* Controller */,
				04A1893625B74E4B0090D9F5 /* AppDelegate.swift */,
				04A1893825B74E4B0090D9F5 /* SceneDelegate.swift */,
				04A1893F25B74E4F0090D9F5 /* Assets.xcassets */,
				04A1894425B74E4F0090D9F5 /* Info.plist */,
				0481E65C25B86B1F00C2DECD /* noImage.jpg */,
			);
			path = Filma;
			sourceTree = "<group>";
		};
		04A1894C25B757750090D9F5 /* Model */ = {
			isa = PBXGroup;
			children = (
				04A1895325B7589C0090D9F5 /* FilmaManager.swift */,
				04A1895E25B75F1D0090D9F5 /* Album.swift */,
				0481E66025B87DEC00C2DECD /* ColumnFlowLayout.swift */,
			);
			path = Model;
			sourceTree = "<group>";
		};
		04A1894D25B7577D0090D9F5 /* View */ = {
			isa = PBXGroup;
			children = (
				04A1893C25B74E4B0090D9F5 /* Main.storyboard */,
				04A1894125B74E4F0090D9F5 /* LaunchScreen.storyboard */,
				0481E65925B8652B00C2DECD /* PhotoCell.swift */,
			);
			path = View;
			sourceTree = "<group>";
		};
		04A1894E25B757820090D9F5 /* Controller */ = {
			isa = PBXGroup;
			children = (
				04A1895A25B75C990090D9F5 /* AlbumTableVC.swift */,
				0481E65625B8649200C2DECD /* PhotoCollectionVC.swift */,
			);
			path = Controller;
			sourceTree = "<group>";
		};
		EEB7D180A40496166D804D66 /* Pods */ = {
			isa = PBXGroup;
			children = (
				9DF2002577BC4D771E67BC83 /* Pods-Filma.debug.xcconfig */,
				85C32598C68E44D17945CFFA /* Pods-Filma.release.xcconfig */,
			);
			path = Pods;
			sourceTree = "<group>";
		};
		FE599EBC21CA992C2F92FE5D /* Frameworks */ = {
			isa = PBXGroup;
			children = (
				5D8E58FCA5A7C0C177505FBD /* Pods_Filma.framework */,
			);
			name = Frameworks;
			sourceTree = "<group>";
		};
/* End PBXGroup section */

/* Begin PBXNativeTarget section */
		04A1893225B74E4B0090D9F5 /* Filma */ = {
			isa = PBXNativeTarget;
			buildConfigurationList = 04A1894725B74E4F0090D9F5 /* Build configuration list for PBXNativeTarget "Filma" */;
			buildPhases = (
				F2CACBAE023DEFE5130CD9EE /* [CP] Check Pods Manifest.lock */,
				04A1892F25B74E4B0090D9F5 /* Sources */,
				04A1893025B74E4B0090D9F5 /* Frameworks */,
				04A1893125B74E4B0090D9F5 /* Resources */,
				CC5AF22ECF3E204639B9981B /* [CP] Embed Pods Frameworks */,
			);
			buildRules = (
			);
			dependencies = (
			);
			name = Filma;
			packageProductDependencies = (
				04A1896625B764400090D9F5 /* Alamofire */,
				04A1896A25B767370090D9F5 /* SwiftyJSON */,
			);
			productName = Filma;
			productReference = 04A1893325B74E4B0090D9F5 /* Filma.app */;
			productType = "com.apple.product-type.application";
		};
/* End PBXNativeTarget section */

/* Begin PBXProject section */
		04A1892B25B74E4B0090D9F5 /* Project object */ = {
			isa = PBXProject;
			attributes = {
				LastSwiftUpdateCheck = 1230;
				LastUpgradeCheck = 1230;
				TargetAttributes = {
					04A1893225B74E4B0090D9F5 = {
						CreatedOnToolsVersion = 12.3;
					};
				};
			};
			buildConfigurationList = 04A1892E25B74E4B0090D9F5 /* Build configuration list for PBXProject "Filma" */;
			compatibilityVersion = "Xcode 9.3";
			developmentRegion = en;
			hasScannedForEncodings = 0;
			knownRegions = (
				en,
				Base,
			);
			mainGroup = 04A1892A25B74E4B0090D9F5;
			packageReferences = (
				04A1896525B764400090D9F5 /* XCRemoteSwiftPackageReference "Alamofire" */,
				04A1896925B767370090D9F5 /* XCRemoteSwiftPackageReference "SwiftyJSON" */,
			);
			productRefGroup = 04A1893425B74E4B0090D9F5 /* Products */;
			projectDirPath = "";
			projectRoot = "";
			targets = (
				04A1893225B74E4B0090D9F5 /* Filma */,
			);
		};
/* End PBXProject section */

/* Begin PBXResourcesBuildPhase section */
		04A1893125B74E4B0090D9F5 /* Resources */ = {
			isa = PBXResourcesBuildPhase;
			buildActionMask = 2147483647;
			files = (
				04A1894325B74E4F0090D9F5 /* LaunchScreen.storyboard in Resources */,
				04A1894025B74E4F0090D9F5 /* Assets.xcassets in Resources */,
				0481E65D25B86B1F00C2DECD /* noImage.jpg in Resources */,
				04A1893E25B74E4B0090D9F5 /* Main.storyboard in Resources */,
			);
			runOnlyForDeploymentPostprocessing = 0;
		};
/* End PBXResourcesBuildPhase section */

/* Begin PBXShellScriptBuildPhase section */
		CC5AF22ECF3E204639B9981B /* [CP] Embed Pods Frameworks */ = {
			isa = PBXShellScriptBuildPhase;
			buildActionMask = 2147483647;
			files = (
			);
			inputFileListPaths = (
				"${PODS_ROOT}/Target Support Files/Pods-Filma/Pods-Filma-frameworks-${CONFIGURATION}-input-files.xcfilelist",
			);
			name = "[CP] Embed Pods Frameworks";
			outputFileListPaths = (
				"${PODS_ROOT}/Target Support Files/Pods-Filma/Pods-Filma-frameworks-${CONFIGURATION}-output-files.xcfilelist",
			);
			runOnlyForDeploymentPostprocessing = 0;
			shellPath = /bin/sh;
			shellScript = "\"${PODS_ROOT}/Target Support Files/Pods-Filma/Pods-Filma-frameworks.sh\"\n";
			showEnvVarsInLog = 0;
		};
		F2CACBAE023DEFE5130CD9EE /* [CP] Check Pods Manifest.lock */ = {
			isa = PBXShellScriptBuildPhase;
			buildActionMask = 2147483647;
			files = (
			);
			inputFileListPaths = (
			);
			inputPaths = (
				"${PODS_PODFILE_DIR_PATH}/Podfile.lock",
				"${PODS_ROOT}/Manifest.lock",
			);
			name = "[CP] Check Pods Manifest.lock";
			outputFileListPaths = (
			);
			outputPaths = (
				"$(DERIVED_FILE_DIR)/Pods-Filma-checkManifestLockResult.txt",
			);
			runOnlyForDeploymentPostprocessing = 0;
			shellPath = /bin/sh;
			shellScript = "diff \"${PODS_PODFILE_DIR_PATH}/Podfile.lock\" \"${PODS_ROOT}/Manifest.lock\" > /dev/null\nif [ $? != 0 ] ; then\n    # print error to STDERR\n    echo \"error: The sandbox is not in sync with the Podfile.lock. Run 'pod install' or update your CocoaPods installation.\" >&2\n    exit 1\nfi\n# This output is used by Xcode 'outputs' to avoid re-running this script phase.\necho \"SUCCESS\" > \"${SCRIPT_OUTPUT_FILE_0}\"\n";
			showEnvVarsInLog = 0;
		};
/* End PBXShellScriptBuildPhase section */

/* Begin PBXSourcesBuildPhase section */
		04A1892F25B74E4B0090D9F5 /* Sources */ = {
			isa = PBXSourcesBuildPhase;
			buildActionMask = 2147483647;
			files = (
				0481E65A25B8652B00C2DECD /* PhotoCell.swift in Sources */,
				04A1893725B74E4B0090D9F5 /* AppDelegate.swift in Sources */,
				0481E65725B8649200C2DECD /* PhotoCollectionVC.swift in Sources */,
				04A1895B25B75C990090D9F5 /* AlbumTableVC.swift in Sources */,
				04A1895425B7589C0090D9F5 /* FilmaManager.swift in Sources */,
				0481E66125B87DEC00C2DECD /* ColumnFlowLayout.swift in Sources */,
				04A1893925B74E4B0090D9F5 /* SceneDelegate.swift in Sources */,
				04A1895F25B75F1E0090D9F5 /* Album.swift in Sources */,
			);
			runOnlyForDeploymentPostprocessing = 0;
		};
/* End PBXSourcesBuildPhase section */

/* Begin PBXVariantGroup section */
		04A1893C25B74E4B0090D9F5 /* Main.storyboard */ = {
			isa = PBXVariantGroup;
			children = (
				04A1893D25B74E4B0090D9F5 /* Base */,
			);
			name = Main.storyboard;
			sourceTree = "<group>";
		};
		04A1894125B74E4F0090D9F5 /* LaunchScreen.storyboard */ = {
			isa = PBXVariantGroup;
			children = (
				04A1894225B74E4F0090D9F5 /* Base */,
			);
			name = LaunchScreen.storyboard;
			sourceTree = "<group>";
		};
/* End PBXVariantGroup section */

/* Begin XCBuildConfiguration section */
		04A1894525B74E4F0090D9F5 /* Debug */ = {
			isa = XCBuildConfiguration;
			buildSettings = {
				ALWAYS_SEARCH_USER_PATHS = NO;
				CLANG_ANALYZER_NONNULL = YES;
				CLANG_ANALYZER_NUMBER_OBJECT_CONVERSION = YES_AGGRESSIVE;
				CLANG_CXX_LANGUAGE_STANDARD = "gnu++14";
				CLANG_CXX_LIBRARY = "libc++";
				CLANG_ENABLE_MODULES = YES;
				CLANG_ENABLE_OBJC_ARC = YES;
				CLANG_ENABLE_OBJC_WEAK = YES;
				CLANG_WARN_BLOCK_CAPTURE_AUTORELEASING = YES;
				CLANG_WARN_BOOL_CONVERSION = YES;
				CLANG_WARN_COMMA = YES;
				CLANG_WARN_CONSTANT_CONVERSION = YES;
				CLANG_WARN_DEPRECATED_OBJC_IMPLEMENTATIONS = YES;
				CLANG_WARN_DIRECT_OBJC_ISA_USAGE = YES_ERROR;
				CLANG_WARN_DOCUMENTATION_COMMENTS = YES;
				CLANG_WARN_EMPTY_BODY = YES;
				CLANG_WARN_ENUM_CONVERSION = YES;
				CLANG_WARN_INFINITE_RECURSION = YES;
				CLANG_WARN_INT_CONVERSION = YES;
				CLANG_WARN_NON_LITERAL_NULL_CONVERSION = YES;
				CLANG_WARN_OBJC_IMPLICIT_RETAIN_SELF = YES;
				CLANG_WARN_OBJC_LITERAL_CONVERSION = YES;
				CLANG_WARN_OBJC_ROOT_CLASS = YES_ERROR;
				CLANG_WARN_QUOTED_INCLUDE_IN_FRAMEWORK_HEADER = YES;
				CLANG_WARN_RANGE_LOOP_ANALYSIS = YES;
				CLANG_WARN_STRICT_PROTOTYPES = YES;
				CLANG_WARN_SUSPICIOUS_MOVE = YES;
				CLANG_WARN_UNGUARDED_AVAILABILITY = YES_AGGRESSIVE;
				CLANG_WARN_UNREACHABLE_CODE = YES;
				CLANG_WARN__DUPLICATE_METHOD_MATCH = YES;
				COPY_PHASE_STRIP = NO;
				DEBUG_INFORMATION_FORMAT = dwarf;
				ENABLE_STRICT_OBJC_MSGSEND = YES;
				ENABLE_TESTABILITY = YES;
				GCC_C_LANGUAGE_STANDARD = gnu11;
				GCC_DYNAMIC_NO_PIC = NO;
				GCC_NO_COMMON_BLOCKS = YES;
				GCC_OPTIMIZATION_LEVEL = 0;
				GCC_PREPROCESSOR_DEFINITIONS = (
					"DEBUG=1",
					"$(inherited)",
				);
				GCC_WARN_64_TO_32_BIT_CONVERSION = YES;
				GCC_WARN_ABOUT_RETURN_TYPE = YES_ERROR;
				GCC_WARN_UNDECLARED_SELECTOR = YES;
				GCC_WARN_UNINITIALIZED_AUTOS = YES_AGGRESSIVE;
				GCC_WARN_UNUSED_FUNCTION = YES;
				GCC_WARN_UNUSED_VARIABLE = YES;
				IPHONEOS_DEPLOYMENT_TARGET = 14.3;
				MTL_ENABLE_DEBUG_INFO = INCLUDE_SOURCE;
				MTL_FAST_MATH = YES;
				ONLY_ACTIVE_ARCH = YES;
				SDKROOT = iphoneos;
				SWIFT_ACTIVE_COMPILATION_CONDITIONS = DEBUG;
				SWIFT_OPTIMIZATION_LEVEL = "-Onone";
			};
			name = Debug;
		};
		04A1894625B74E4F0090D9F5 /* Release */ = {
			isa = XCBuildConfiguration;
			buildSettings = {
				ALWAYS_SEARCH_USER_PATHS = NO;
				CLANG_ANALYZER_NONNULL = YES;
				CLANG_ANALYZER_NUMBER_OBJECT_CONVERSION = YES_AGGRESSIVE;
				CLANG_CXX_LANGUAGE_STANDARD = "gnu++14";
				CLANG_CXX_LIBRARY = "libc++";
				CLANG_ENABLE_MODULES = YES;
				CLANG_ENABLE_OBJC_ARC = YES;
				CLANG_ENABLE_OBJC_WEAK = YES;
				CLANG_WARN_BLOCK_CAPTURE_AUTORELEASING = YES;
				CLANG_WARN_BOOL_CONVERSION = YES;
				CLANG_WARN_COMMA = YES;
				CLANG_WARN_CONSTANT_CONVERSION = YES;
				CLANG_WARN_DEPRECATED_OBJC_IMPLEMENTATIONS = YES;
				CLANG_WARN_DIRECT_OBJC_ISA_USAGE = YES_ERROR;
				CLANG_WARN_DOCUMENTATION_COMMENTS = YES;
				CLANG_WARN_EMPTY_BODY = YES;
				CLANG_WARN_ENUM_CONVERSION = YES;
				CLANG_WARN_INFINITE_RECURSION = YES;
				CLANG_WARN_INT_CONVERSION = YES;
				CLANG_WARN_NON_LITERAL_NULL_CONVERSION = YES;
				CLANG_WARN_OBJC_IMPLICIT_RETAIN_SELF = YES;
				CLANG_WARN_OBJC_LITERAL_CONVERSION = YES;
				CLANG_WARN_OBJC_ROOT_CLASS = YES_ERROR;
				CLANG_WARN_QUOTED_INCLUDE_IN_FRAMEWORK_HEADER = YES;
				CLANG_WARN_RANGE_LOOP_ANALYSIS = YES;
				CLANG_WARN_STRICT_PROTOTYPES = YES;
				CLANG_WARN_SUSPICIOUS_MOVE = YES;
				CLANG_WARN_UNGUARDED_AVAILABILITY = YES_AGGRESSIVE;
				CLANG_WARN_UNREACHABLE_CODE = YES;
				CLANG_WARN__DUPLICATE_METHOD_MATCH = YES;
				COPY_PHASE_STRIP = NO;
				DEBUG_INFORMATION_FORMAT = "dwarf-with-dsym";
				ENABLE_NS_ASSERTIONS = NO;
				ENABLE_STRICT_OBJC_MSGSEND = YES;
				GCC_C_LANGUAGE_STANDARD = gnu11;
				GCC_NO_COMMON_BLOCKS = YES;
				GCC_WARN_64_TO_32_BIT_CONVERSION = YES;
				GCC_WARN_ABOUT_RETURN_TYPE = YES_ERROR;
				GCC_WARN_UNDECLARED_SELECTOR = YES;
				GCC_WARN_UNINITIALIZED_AUTOS = YES_AGGRESSIVE;
				GCC_WARN_UNUSED_FUNCTION = YES;
				GCC_WARN_UNUSED_VARIABLE = YES;
				IPHONEOS_DEPLOYMENT_TARGET = 14.3;
				MTL_ENABLE_DEBUG_INFO = NO;
				MTL_FAST_MATH = YES;
				SDKROOT = iphoneos;
				SWIFT_COMPILATION_MODE = wholemodule;
				SWIFT_OPTIMIZATION_LEVEL = "-O";
				VALIDATE_PRODUCT = YES;
			};
			name = Release;
		};
		04A1894825B74E4F0090D9F5 /* Debug */ = {
			isa = XCBuildConfiguration;
			baseConfigurationReference = 9DF2002577BC4D771E67BC83 /* Pods-Filma.debug.xcconfig */;
			buildSettings = {
				ASSETCATALOG_COMPILER_APPICON_NAME = AppIcon;
				ASSETCATALOG_COMPILER_GLOBAL_ACCENT_COLOR_NAME = AccentColor;
				CODE_SIGN_STYLE = Automatic;
				DEVELOPMENT_TEAM = BPQ668928C;
				INFOPLIST_FILE = Filma/Info.plist;
				LD_RUNPATH_SEARCH_PATHS = (
					"$(inherited)",
					"@executable_path/Frameworks",
				);
				PRODUCT_BUNDLE_IDENTIFIER = com.nicobelo.Filma;
				PRODUCT_NAME = "$(TARGET_NAME)";
				SWIFT_VERSION = 5.0;
				TARGETED_DEVICE_FAMILY = "1,2";
			};
			name = Debug;
		};
		04A1894925B74E4F0090D9F5 /* Release */ = {
			isa = XCBuildConfiguration;
			baseConfigurationReference = 85C32598C68E44D17945CFFA /* Pods-Filma.release.xcconfig */;
			buildSettings = {
				ASSETCATALOG_COMPILER_APPICON_NAME = AppIcon;
				ASSETCATALOG_COMPILER_GLOBAL_ACCENT_COLOR_NAME = AccentColor;
				CODE_SIGN_STYLE = Automatic;
				DEVELOPMENT_TEAM = BPQ668928C;
				INFOPLIST_FILE = Filma/Info.plist;
				LD_RUNPATH_SEARCH_PATHS = (
					"$(inherited)",
					"@executable_path/Frameworks",
				);
				PRODUCT_BUNDLE_IDENTIFIER = com.nicobelo.Filma;
				PRODUCT_NAME = "$(TARGET_NAME)";
				SWIFT_VERSION = 5.0;
				TARGETED_DEVICE_FAMILY = "1,2";
			};
			name = Release;
		};
/* End XCBuildConfiguration section */

/* Begin XCConfigurationList section */
		04A1892E25B74E4B0090D9F5 /* Build configuration list for PBXProject "Filma" */ = {
			isa = XCConfigurationList;
			buildConfigurations = (
				04A1894525B74E4F0090D9F5 /* Debug */,
				04A1894625B74E4F0090D9F5 /* Release */,
			);
			defaultConfigurationIsVisible = 0;
			defaultConfigurationName = Release;
		};
		04A1894725B74E4F0090D9F5 /* Build configuration list for PBXNativeTarget "Filma" */ = {
			isa = XCConfigurationList;
			buildConfigurations = (
				04A1894825B74E4F0090D9F5 /* Debug */,
				04A1894925B74E4F0090D9F5 /* Release */,
			);
			defaultConfigurationIsVisible = 0;
			defaultConfigurationName = Release;
		};
/* End XCConfigurationList section */

/* Begin XCRemoteSwiftPackageReference section */
		04A1896525B764400090D9F5 /* XCRemoteSwiftPackageReference "Alamofire" */ = {
			isa = XCRemoteSwiftPackageReference;
			repositoryURL = "https://github.com/Alamofire/Alamofire";
			requirement = {
				kind = upToNextMajorVersion;
				minimumVersion = 5.4.1;
			};
		};
		04A1896925B767370090D9F5 /* XCRemoteSwiftPackageReference "SwiftyJSON" */ = {
			isa = XCRemoteSwiftPackageReference;
			repositoryURL = "https://github.com/SwiftyJSON/SwiftyJSON";
			requirement = {
				kind = upToNextMajorVersion;
				minimumVersion = 5.0.0;
			};
		};
/* End XCRemoteSwiftPackageReference section */

/* Begin XCSwiftPackageProductDependency section */
		04A1896625B764400090D9F5 /* Alamofire */ = {
			isa = XCSwiftPackageProductDependency;
			package = 04A1896525B764400090D9F5 /* XCRemoteSwiftPackageReference "Alamofire" */;
			productName = Alamofire;
		};
		04A1896A25B767370090D9F5 /* SwiftyJSON */ = {
			isa = XCSwiftPackageProductDependency;
			package = 04A1896925B767370090D9F5 /* XCRemoteSwiftPackageReference "SwiftyJSON" */;
			productName = SwiftyJSON;
		};
/* End XCSwiftPackageProductDependency section */
	};
	rootObject = 04A1892B25B74E4B0090D9F5 /* Project object */;
}
